# This file is automatically @generated by Cargo.
# It is not intended for manual editing.
version = 3

[[package]]
name = "dijkstra"
version = "0.1.0"

[[package]]
name = "io"
version = "0.1.0"

[[package]]
name = "ord_f64"
version = "0.1.0"

[[package]]
name = "ps-snippets"
version = "0.1.0"
dependencies = [
 "dijkstra",
 "io",
 "ord_f64",
]
