# This file is automatically @generated by Cargo.
# It is not intended for manual editing.
version = 4

[[package]]
name = "bfs"
version = "0.1.0"
dependencies = [
 "edge_list",
]

[[package]]
name = "binary_search"
version = "0.1.0"

[[package]]
name = "bit_helper"
version = "0.1.0"

[[package]]
name = "bottleneck_hungarian"
version = "0.1.0"

[[package]]
name = "dijkstra"
version = "0.1.0"

[[package]]
name = "dnc_opt"
version = "0.1.0"

[[package]]
name = "dyadic"
version = "0.1.0"

[[package]]
name = "edge_list"
version = "0.1.0"

[[package]]
name = "factorization"
version = "0.1.0"
dependencies = [
 "gcd",
 "primality",
]

[[package]]
name = "gcd"
version = "0.1.0"

[[package]]
name = "hungarian"
version = "0.1.0"

[[package]]
name = "io"
version = "0.1.0"

[[package]]
name = "kth_root"
version = "0.1.0"

[[package]]
name = "lis"
version = "0.1.0"

[[package]]
name = "modint"
version = "0.1.0"

[[package]]
name = "ord_f64"
version = "0.1.0"

[[package]]
name = "primality"
version = "0.1.0"

[[package]]
name = "ps-snippets"
version = "0.1.0"
dependencies = [
 "bfs",
 "binary_search",
 "bit_helper",
 "bottleneck_hungarian",
 "dijkstra",
 "dnc_opt",
 "dyadic",
 "edge_list",
 "factorization",
 "gcd",
 "hungarian",
 "io",
 "kth_root",
 "lis",
 "modint",
 "ord_f64",
 "primality",
]
